// !$*UTF8*$!
{
	archiveVersion = 1;
	classes = {
	};
	objectVersion = 50;
	objects = {

/* Begin PBXAggregateTarget section */
		E1E93D8A2405AAC9002374D3 /* Install */ = {
			isa = PBXAggregateTarget;
			buildConfigurationList = E1E93D8B2405AAC9002374D3 /* Build configuration list for PBXAggregateTarget "Install" */;
			buildPhases = (
				E1E93D922405AB1D002374D3 /* CopyFiles */,
				E1CB76FF241930CE00E9D2A3 /* CopyFiles */,
			);
			dependencies = (
				E1E93D912405AB1A002374D3 /* PBXTargetDependency */,
			);
			name = Install;
			productName = Install;
		};
		E1E93D8D2405AAD3002374D3 /* Everything */ = {
			isa = PBXAggregateTarget;
			buildConfigurationList = E1E93D8E2405AAD3002374D3 /* Build configuration list for PBXAggregateTarget "Everything" */;
			buildPhases = (
			);
			dependencies = (
				E1E93D952405AB42002374D3 /* PBXTargetDependency */,
			);
			name = Everything;
			productName = Everything;
		};
/* End PBXAggregateTarget section */

/* Begin PBXBuildFile section */
		E105E72824229DDC00DA4182 /* DATAPixxAnalogChannel.cpp in Sources */ = {isa = PBXBuildFile; fileRef = E105E72624229DDC00DA4182 /* DATAPixxAnalogChannel.cpp */; };
		E105E72B2422A54F00DA4182 /* DATAPixxAnalogOutputChannel.cpp in Sources */ = {isa = PBXBuildFile; fileRef = E105E7292422A54F00DA4182 /* DATAPixxAnalogOutputChannel.cpp */; };
		E11AEA922406E3CA00AC3E8B /* DATAPixxDevice.cpp in Sources */ = {isa = PBXBuildFile; fileRef = E11AEA902406E3CA00AC3E8B /* DATAPixxDevice.cpp */; };
		E11AEA9D2406FE5B00AC3E8B /* libdpx.dylib in Frameworks */ = {isa = PBXBuildFile; fileRef = E11AEA9C2406FE5B00AC3E8B /* libdpx.dylib */; };
		E11AEAA12406FF4C00AC3E8B /* libdpx.dylib in CopyFiles */ = {isa = PBXBuildFile; fileRef = E11AEA9C2406FE5B00AC3E8B /* libdpx.dylib */; settings = {ATTRIBUTES = (CodeSignOnCopy, ); }; };
		E11AEAA42406FFFF00AC3E8B /* i1Pro.framework in CopyFiles */ = {isa = PBXBuildFile; fileRef = E11AEA9E2406FEC700AC3E8B /* i1Pro.framework */; settings = {ATTRIBUTES = (CodeSignOnCopy, RemoveHeadersOnCopy, ); }; };
		E11AEAA52407000900AC3E8B /* i1d3SDK.framework in CopyFiles */ = {isa = PBXBuildFile; fileRef = E11AEA9F2406FEC700AC3E8B /* i1d3SDK.framework */; settings = {ATTRIBUTES = (CodeSignOnCopy, RemoveHeadersOnCopy, ); }; };
		E15447C2242505C0007CA55C /* DATAPixxAnalogInputChannel.cpp in Sources */ = {isa = PBXBuildFile; fileRef = E15447C0242505C0007CA55C /* DATAPixxAnalogInputChannel.cpp */; };
		E171499C241166FD0071C8FA /* DATAPixxDigitalInputChannel.cpp in Sources */ = {isa = PBXBuildFile; fileRef = E171499A241166FD0071C8FA /* DATAPixxDigitalInputChannel.cpp */; };
		E171499F241167EF0071C8FA /* DATAPixxBitInputChannel.cpp in Sources */ = {isa = PBXBuildFile; fileRef = E171499D241167EF0071C8FA /* DATAPixxBitInputChannel.cpp */; };
		E197C02C241037C200BA6D8D /* DATAPixxDigitalOutputChannel.cpp in Sources */ = {isa = PBXBuildFile; fileRef = E197C02A241037C200BA6D8D /* DATAPixxDigitalOutputChannel.cpp */; };
		E197C02F2410387F00BA6D8D /* DATAPixxDigitalChannel.cpp in Sources */ = {isa = PBXBuildFile; fileRef = E197C02D2410387F00BA6D8D /* DATAPixxDigitalChannel.cpp */; };
		E197C032241039DA00BA6D8D /* DATAPixxChannel.cpp in Sources */ = {isa = PBXBuildFile; fileRef = E197C030241039DA00BA6D8D /* DATAPixxChannel.cpp */; };
		E197C03524103C0600BA6D8D /* DATAPixxBitOutputChannel.cpp in Sources */ = {isa = PBXBuildFile; fileRef = E197C03324103C0600BA6D8D /* DATAPixxBitOutputChannel.cpp */; };
		E1CB76F92419204100E9D2A3 /* DATAPixxWordInputChannel.cpp in Sources */ = {isa = PBXBuildFile; fileRef = E1CB76F72419204100E9D2A3 /* DATAPixxWordInputChannel.cpp */; };
		E1CB76FC2419278000E9D2A3 /* DATAPixxWordOutputChannel.cpp in Sources */ = {isa = PBXBuildFile; fileRef = E1CB76FA2419278000E9D2A3 /* DATAPixxWordOutputChannel.cpp */; };
		E1CB7700241930D600E9D2A3 /* DATAPixx in CopyFiles */ = {isa = PBXBuildFile; fileRef = E1CB76FE2419306500E9D2A3 /* DATAPixx */; };
		E1E93D932405AB27002374D3 /* DATAPixx.bundle in CopyFiles */ = {isa = PBXBuildFile; fileRef = E1E93D5E2405A0B6002374D3 /* DATAPixx.bundle */; };
		E1E93D982405AD4F002374D3 /* DATAPixxPlugin.cpp in Sources */ = {isa = PBXBuildFile; fileRef = E1E93D972405AD4F002374D3 /* DATAPixxPlugin.cpp */; };
		E1E93D9D2405AE4D002374D3 /* MWorksCore.framework in Frameworks */ = {isa = PBXBuildFile; fileRef = E1E93D9C2405AE4D002374D3 /* MWorksCore.framework */; };
/* End PBXBuildFile section */

/* Begin PBXContainerItemProxy section */
		E1E93D902405AB1A002374D3 /* PBXContainerItemProxy */ = {
			isa = PBXContainerItemProxy;
			containerPortal = E1E93D562405A0B6002374D3 /* Project object */;
			proxyType = 1;
			remoteGlobalIDString = E1E93D5D2405A0B6002374D3;
			remoteInfo = DATAPixx;
		};
		E1E93D942405AB42002374D3 /* PBXContainerItemProxy */ = {
			isa = PBXContainerItemProxy;
			containerPortal = E1E93D562405A0B6002374D3 /* Project object */;
			proxyType = 1;
			remoteGlobalIDString = E1E93D8A2405AAC9002374D3;
			remoteInfo = Install;
		};
/* End PBXContainerItemProxy section */

/* Begin PBXCopyFilesBuildPhase section */
		E11AEAA02406FF3E00AC3E8B /* CopyFiles */ = {
			isa = PBXCopyFilesBuildPhase;
			buildActionMask = 2147483647;
			dstPath = "";
			dstSubfolderSpec = 10;
			files = (
				E11AEAA42406FFFF00AC3E8B /* i1Pro.framework in CopyFiles */,
				E11AEAA52407000900AC3E8B /* i1d3SDK.framework in CopyFiles */,
				E11AEAA12406FF4C00AC3E8B /* libdpx.dylib in CopyFiles */,
			);
			runOnlyForDeploymentPostprocessing = 0;
		};
		E1CB76FF241930CE00E9D2A3 /* CopyFiles */ = {
			isa = PBXCopyFilesBuildPhase;
			buildActionMask = 2147483647;
			dstPath = "$(MW_TESTS_XML_DIR)/IODevice";
			dstSubfolderSpec = 0;
			files = (
				E1CB7700241930D600E9D2A3 /* DATAPixx in CopyFiles */,
			);
			runOnlyForDeploymentPostprocessing = 0;
		};
		E1E93D922405AB1D002374D3 /* CopyFiles */ = {
			isa = PBXCopyFilesBuildPhase;
			buildActionMask = 2147483647;
			dstPath = "$(MW_PLUGINS_DIR)";
			dstSubfolderSpec = 0;
			files = (
				E1E93D932405AB27002374D3 /* DATAPixx.bundle in CopyFiles */,
			);
			runOnlyForDeploymentPostprocessing = 0;
		};
/* End PBXCopyFilesBuildPhase section */

/* Begin PBXFileReference section */
		E105E72624229DDC00DA4182 /* DATAPixxAnalogChannel.cpp */ = {isa = PBXFileReference; lastKnownFileType = sourcecode.cpp.cpp; path = DATAPixxAnalogChannel.cpp; sourceTree = "<group>"; };
		E105E72724229DDC00DA4182 /* DATAPixxAnalogChannel.hpp */ = {isa = PBXFileReference; lastKnownFileType = sourcecode.cpp.h; path = DATAPixxAnalogChannel.hpp; sourceTree = "<group>"; };
		E105E7292422A54F00DA4182 /* DATAPixxAnalogOutputChannel.cpp */ = {isa = PBXFileReference; lastKnownFileType = sourcecode.cpp.cpp; path = DATAPixxAnalogOutputChannel.cpp; sourceTree = "<group>"; };
		E105E72A2422A54F00DA4182 /* DATAPixxAnalogOutputChannel.hpp */ = {isa = PBXFileReference; lastKnownFileType = sourcecode.cpp.h; path = DATAPixxAnalogOutputChannel.hpp; sourceTree = "<group>"; };
		E11AEA902406E3CA00AC3E8B /* DATAPixxDevice.cpp */ = {isa = PBXFileReference; lastKnownFileType = sourcecode.cpp.cpp; path = DATAPixxDevice.cpp; sourceTree = "<group>"; };
		E11AEA912406E3CA00AC3E8B /* DATAPixxDevice.hpp */ = {isa = PBXFileReference; lastKnownFileType = sourcecode.cpp.h; path = DATAPixxDevice.hpp; sourceTree = "<group>"; };
		E11AEA972406FDCB00AC3E8B /* usb.h */ = {isa = PBXFileReference; lastKnownFileType = sourcecode.c.h; path = usb.h; sourceTree = "<group>"; };
		E11AEA992406FE0B00AC3E8B /* libtpx.h */ = {isa = PBXFileReference; lastKnownFileType = sourcecode.c.h; path = libtpx.h; sourceTree = "<group>"; };
		E11AEA9A2406FE0B00AC3E8B /* libdpx.h */ = {isa = PBXFileReference; lastKnownFileType = sourcecode.c.h; path = libdpx.h; sourceTree = "<group>"; };
		E11AEA9B2406FE0B00AC3E8B /* libdpx_i.h */ = {isa = PBXFileReference; lastKnownFileType = sourcecode.c.h; path = libdpx_i.h; sourceTree = "<group>"; };
		E11AEA9C2406FE5B00AC3E8B /* libdpx.dylib */ = {isa = PBXFileReference; lastKnownFileType = "compiled.mach-o.dylib"; path = libdpx.dylib; sourceTree = "<group>"; };
		E11AEA9E2406FEC700AC3E8B /* i1Pro.framework */ = {isa = PBXFileReference; lastKnownFileType = wrapper.framework; path = i1Pro.framework; sourceTree = "<group>"; };
		E11AEA9F2406FEC700AC3E8B /* i1d3SDK.framework */ = {isa = PBXFileReference; lastKnownFileType = wrapper.framework; path = i1d3SDK.framework; sourceTree = "<group>"; };
		E15447C0242505C0007CA55C /* DATAPixxAnalogInputChannel.cpp */ = {isa = PBXFileReference; lastKnownFileType = sourcecode.cpp.cpp; path = DATAPixxAnalogInputChannel.cpp; sourceTree = "<group>"; };
		E15447C1242505C0007CA55C /* DATAPixxAnalogInputChannel.hpp */ = {isa = PBXFileReference; lastKnownFileType = sourcecode.cpp.h; path = DATAPixxAnalogInputChannel.hpp; sourceTree = "<group>"; };
		E171499A241166FD0071C8FA /* DATAPixxDigitalInputChannel.cpp */ = {isa = PBXFileReference; lastKnownFileType = sourcecode.cpp.cpp; path = DATAPixxDigitalInputChannel.cpp; sourceTree = "<group>"; };
		E171499B241166FD0071C8FA /* DATAPixxDigitalInputChannel.hpp */ = {isa = PBXFileReference; lastKnownFileType = sourcecode.cpp.h; path = DATAPixxDigitalInputChannel.hpp; sourceTree = "<group>"; };
		E171499D241167EF0071C8FA /* DATAPixxBitInputChannel.cpp */ = {isa = PBXFileReference; lastKnownFileType = sourcecode.cpp.cpp; path = DATAPixxBitInputChannel.cpp; sourceTree = "<group>"; };
		E171499E241167EF0071C8FA /* DATAPixxBitInputChannel.hpp */ = {isa = PBXFileReference; lastKnownFileType = sourcecode.cpp.h; path = DATAPixxBitInputChannel.hpp; sourceTree = "<group>"; };
		E197C02A241037C200BA6D8D /* DATAPixxDigitalOutputChannel.cpp */ = {isa = PBXFileReference; lastKnownFileType = sourcecode.cpp.cpp; path = DATAPixxDigitalOutputChannel.cpp; sourceTree = "<group>"; };
		E197C02B241037C200BA6D8D /* DATAPixxDigitalOutputChannel.hpp */ = {isa = PBXFileReference; lastKnownFileType = sourcecode.cpp.h; path = DATAPixxDigitalOutputChannel.hpp; sourceTree = "<group>"; };
		E197C02D2410387F00BA6D8D /* DATAPixxDigitalChannel.cpp */ = {isa = PBXFileReference; lastKnownFileType = sourcecode.cpp.cpp; path = DATAPixxDigitalChannel.cpp; sourceTree = "<group>"; };
		E197C02E2410387F00BA6D8D /* DATAPixxDigitalChannel.hpp */ = {isa = PBXFileReference; lastKnownFileType = sourcecode.cpp.h; path = DATAPixxDigitalChannel.hpp; sourceTree = "<group>"; };
		E197C030241039DA00BA6D8D /* DATAPixxChannel.cpp */ = {isa = PBXFileReference; lastKnownFileType = sourcecode.cpp.cpp; path = DATAPixxChannel.cpp; sourceTree = "<group>"; };
		E197C031241039DA00BA6D8D /* DATAPixxChannel.hpp */ = {isa = PBXFileReference; lastKnownFileType = sourcecode.cpp.h; path = DATAPixxChannel.hpp; sourceTree = "<group>"; };
		E197C03324103C0600BA6D8D /* DATAPixxBitOutputChannel.cpp */ = {isa = PBXFileReference; lastKnownFileType = sourcecode.cpp.cpp; path = DATAPixxBitOutputChannel.cpp; sourceTree = "<group>"; };
		E197C03424103C0600BA6D8D /* DATAPixxBitOutputChannel.hpp */ = {isa = PBXFileReference; lastKnownFileType = sourcecode.cpp.h; path = DATAPixxBitOutputChannel.hpp; sourceTree = "<group>"; };
		E1CB76F72419204100E9D2A3 /* DATAPixxWordInputChannel.cpp */ = {isa = PBXFileReference; lastKnownFileType = sourcecode.cpp.cpp; path = DATAPixxWordInputChannel.cpp; sourceTree = "<group>"; };
		E1CB76F82419204100E9D2A3 /* DATAPixxWordInputChannel.hpp */ = {isa = PBXFileReference; lastKnownFileType = sourcecode.cpp.h; path = DATAPixxWordInputChannel.hpp; sourceTree = "<group>"; };
		E1CB76FA2419278000E9D2A3 /* DATAPixxWordOutputChannel.cpp */ = {isa = PBXFileReference; lastKnownFileType = sourcecode.cpp.cpp; path = DATAPixxWordOutputChannel.cpp; sourceTree = "<group>"; };
		E1CB76FB2419278000E9D2A3 /* DATAPixxWordOutputChannel.hpp */ = {isa = PBXFileReference; lastKnownFileType = sourcecode.cpp.h; path = DATAPixxWordOutputChannel.hpp; sourceTree = "<group>"; };
		E1CB76FE2419306500E9D2A3 /* DATAPixx */ = {isa = PBXFileReference; lastKnownFileType = folder; path = DATAPixx; sourceTree = "<group>"; };
		E1E93D5E2405A0B6002374D3 /* DATAPixx.bundle */ = {isa = PBXFileReference; explicitFileType = wrapper.cfbundle; includeInIndex = 0; path = DATAPixx.bundle; sourceTree = BUILT_PRODUCTS_DIR; };
		E1E93D612405A0B6002374D3 /* Info.plist */ = {isa = PBXFileReference; lastKnownFileType = text.plist.xml; path = Info.plist; sourceTree = "<group>"; };
		E1E93D682405A561002374D3 /* macOS_Plugin.xcconfig */ = {isa = PBXFileReference; lastKnownFileType = text.xcconfig; path = macOS_Plugin.xcconfig; sourceTree = "<group>"; };
		E1E93D692405A561002374D3 /* macOS.xcconfig */ = {isa = PBXFileReference; lastKnownFileType = text.xcconfig; path = macOS.xcconfig; sourceTree = "<group>"; };
		E1E93D962405AC10002374D3 /* DATAPixx-Prefix.pch */ = {isa = PBXFileReference; lastKnownFileType = sourcecode.c.h; path = "DATAPixx-Prefix.pch"; sourceTree = "<group>"; };
		E1E93D972405AD4F002374D3 /* DATAPixxPlugin.cpp */ = {isa = PBXFileReference; lastKnownFileType = sourcecode.cpp.cpp; path = DATAPixxPlugin.cpp; sourceTree = "<group>"; };
		E1E93D9C2405AE4D002374D3 /* MWorksCore.framework */ = {isa = PBXFileReference; lastKnownFileType = wrapper.framework; name = MWorksCore.framework; path = /Library/Frameworks/MWorksCore.framework; sourceTree = "<absolute>"; };
/* End PBXFileReference section */

/* Begin PBXFrameworksBuildPhase section */
		E1E93D5B2405A0B6002374D3 /* Frameworks */ = {
			isa = PBXFrameworksBuildPhase;
			buildActionMask = 2147483647;
			files = (
				E1E93D9D2405AE4D002374D3 /* MWorksCore.framework in Frameworks */,
				E11AEA9D2406FE5B00AC3E8B /* libdpx.dylib in Frameworks */,
			);
			runOnlyForDeploymentPostprocessing = 0;
		};
/* End PBXFrameworksBuildPhase section */

/* Begin PBXGroup section */
		E105E72524229DA300DA4182 /* Analog */ = {
			isa = PBXGroup;
			children = (
				E105E72724229DDC00DA4182 /* DATAPixxAnalogChannel.hpp */,
				E105E72624229DDC00DA4182 /* DATAPixxAnalogChannel.cpp */,
				E15447C1242505C0007CA55C /* DATAPixxAnalogInputChannel.hpp */,
				E15447C0242505C0007CA55C /* DATAPixxAnalogInputChannel.cpp */,
				E105E72A2422A54F00DA4182 /* DATAPixxAnalogOutputChannel.hpp */,
				E105E7292422A54F00DA4182 /* DATAPixxAnalogOutputChannel.cpp */,
			);
			path = Analog;
			sourceTree = "<group>";
		};
		E11AEA962406FD9700AC3E8B /* libusb */ = {
			isa = PBXGroup;
			children = (
				E11AEA972406FDCB00AC3E8B /* usb.h */,
			);
			path = libusb;
			sourceTree = "<group>";
		};
		E11AEA982406FDDD00AC3E8B /* libdpx */ = {
			isa = PBXGroup;
			children = (
				E11AEA9E2406FEC700AC3E8B /* i1Pro.framework */,
				E11AEA9F2406FEC700AC3E8B /* i1d3SDK.framework */,
				E11AEA9C2406FE5B00AC3E8B /* libdpx.dylib */,
				E11AEA9A2406FE0B00AC3E8B /* libdpx.h */,
				E11AEA9B2406FE0B00AC3E8B /* libdpx_i.h */,
				E11AEA992406FE0B00AC3E8B /* libtpx.h */,
			);
			path = libdpx;
			sourceTree = "<group>";
		};
		E197C028241036DB00BA6D8D /* Channels */ = {
			isa = PBXGroup;
			children = (
				E197C031241039DA00BA6D8D /* DATAPixxChannel.hpp */,
				E197C030241039DA00BA6D8D /* DATAPixxChannel.cpp */,
				E105E72524229DA300DA4182 /* Analog */,
				E197C0292410378E00BA6D8D /* Digital */,
			);
			path = Channels;
			sourceTree = "<group>";
		};
		E197C0292410378E00BA6D8D /* Digital */ = {
			isa = PBXGroup;
			children = (
				E197C02E2410387F00BA6D8D /* DATAPixxDigitalChannel.hpp */,
				E197C02D2410387F00BA6D8D /* DATAPixxDigitalChannel.cpp */,
				E1CB770124193B5400E9D2A3 /* Input */,
				E1CB770224193B6500E9D2A3 /* Output */,
			);
			path = Digital;
			sourceTree = "<group>";
		};
		E1CB76FD2419301400E9D2A3 /* Tests */ = {
			isa = PBXGroup;
			children = (
				E1CB76FE2419306500E9D2A3 /* DATAPixx */,
			);
			path = Tests;
			sourceTree = "<group>";
		};
		E1CB770124193B5400E9D2A3 /* Input */ = {
			isa = PBXGroup;
			children = (
				E171499B241166FD0071C8FA /* DATAPixxDigitalInputChannel.hpp */,
				E171499A241166FD0071C8FA /* DATAPixxDigitalInputChannel.cpp */,
				E171499E241167EF0071C8FA /* DATAPixxBitInputChannel.hpp */,
				E171499D241167EF0071C8FA /* DATAPixxBitInputChannel.cpp */,
				E1CB76F82419204100E9D2A3 /* DATAPixxWordInputChannel.hpp */,
				E1CB76F72419204100E9D2A3 /* DATAPixxWordInputChannel.cpp */,
			);
			path = Input;
			sourceTree = "<group>";
		};
		E1CB770224193B6500E9D2A3 /* Output */ = {
			isa = PBXGroup;
			children = (
				E197C02B241037C200BA6D8D /* DATAPixxDigitalOutputChannel.hpp */,
				E197C02A241037C200BA6D8D /* DATAPixxDigitalOutputChannel.cpp */,
				E197C03424103C0600BA6D8D /* DATAPixxBitOutputChannel.hpp */,
				E197C03324103C0600BA6D8D /* DATAPixxBitOutputChannel.cpp */,
				E1CB76FB2419278000E9D2A3 /* DATAPixxWordOutputChannel.hpp */,
				E1CB76FA2419278000E9D2A3 /* DATAPixxWordOutputChannel.cpp */,
			);
			path = Output;
			sourceTree = "<group>";
		};
		E1E93D552405A0B6002374D3 = {
			isa = PBXGroup;
			children = (
				E1E93D672405A535002374D3 /* External Config */,
				E11AEA982406FDDD00AC3E8B /* libdpx */,
				E11AEA962406FD9700AC3E8B /* libusb */,
				E1E93D602405A0B6002374D3 /* DATAPixx */,
				E1E93D9B2405AE4D002374D3 /* Frameworks */,
				E1E93D5F2405A0B6002374D3 /* Products */,
			);
			sourceTree = "<group>";
		};
		E1E93D5F2405A0B6002374D3 /* Products */ = {
			isa = PBXGroup;
			children = (
				E1E93D5E2405A0B6002374D3 /* DATAPixx.bundle */,
			);
			name = Products;
			sourceTree = "<group>";
		};
		E1E93D602405A0B6002374D3 /* DATAPixx */ = {
			isa = PBXGroup;
			children = (
				E197C028241036DB00BA6D8D /* Channels */,
				E11AEA912406E3CA00AC3E8B /* DATAPixxDevice.hpp */,
				E11AEA902406E3CA00AC3E8B /* DATAPixxDevice.cpp */,
				E1E93D972405AD4F002374D3 /* DATAPixxPlugin.cpp */,
				E1E93D9A2405AD91002374D3 /* Supporting Files */,
				E1CB76FD2419301400E9D2A3 /* Tests */,
			);
			path = DATAPixx;
			sourceTree = "<group>";
		};
		E1E93D672405A535002374D3 /* External Config */ = {
			isa = PBXGroup;
			children = (
				E1E93D692405A561002374D3 /* macOS.xcconfig */,
				E1E93D682405A561002374D3 /* macOS_Plugin.xcconfig */,
			);
			name = "External Config";
			path = "/Library/Application Support/MWorks/Developer/Xcode";
			sourceTree = "<absolute>";
		};
		E1E93D9A2405AD91002374D3 /* Supporting Files */ = {
			isa = PBXGroup;
			children = (
				E1E93D612405A0B6002374D3 /* Info.plist */,
				E1E93D962405AC10002374D3 /* DATAPixx-Prefix.pch */,
			);
			name = "Supporting Files";
			sourceTree = "<group>";
		};
		E1E93D9B2405AE4D002374D3 /* Frameworks */ = {
			isa = PBXGroup;
			children = (
				E1E93D9C2405AE4D002374D3 /* MWorksCore.framework */,
			);
			name = Frameworks;
			sourceTree = "<group>";
		};
/* End PBXGroup section */

/* Begin PBXNativeTarget section */
		E1E93D5D2405A0B6002374D3 /* DATAPixx */ = {
			isa = PBXNativeTarget;
			buildConfigurationList = E1E93D642405A0B6002374D3 /* Build configuration list for PBXNativeTarget "DATAPixx" */;
			buildPhases = (
				E1E93D5A2405A0B6002374D3 /* Sources */,
				E1E93D5B2405A0B6002374D3 /* Frameworks */,
				E1E93D5C2405A0B6002374D3 /* Resources */,
				E11AEAA02406FF3E00AC3E8B /* CopyFiles */,
			);
			buildRules = (
			);
			dependencies = (
			);
			name = DATAPixx;
			productName = DATAPixx;
			productReference = E1E93D5E2405A0B6002374D3 /* DATAPixx.bundle */;
			productType = "com.apple.product-type.bundle";
		};
/* End PBXNativeTarget section */

/* Begin PBXProject section */
		E1E93D562405A0B6002374D3 /* Project object */ = {
			isa = PBXProject;
			attributes = {
				LastUpgradeCheck = 1130;
				ORGANIZATIONNAME = "The MWorks Project";
				TargetAttributes = {
					E1E93D5D2405A0B6002374D3 = {
						CreatedOnToolsVersion = 11.3.1;
					};
					E1E93D8A2405AAC9002374D3 = {
						CreatedOnToolsVersion = 11.3.1;
					};
					E1E93D8D2405AAD3002374D3 = {
						CreatedOnToolsVersion = 11.3.1;
					};
				};
			};
			buildConfigurationList = E1E93D592405A0B6002374D3 /* Build configuration list for PBXProject "DATAPixx" */;
			compatibilityVersion = "Xcode 9.3";
			developmentRegion = en;
			hasScannedForEncodings = 0;
			knownRegions = (
				en,
				Base,
			);
			mainGroup = E1E93D552405A0B6002374D3;
			productRefGroup = E1E93D5F2405A0B6002374D3 /* Products */;
			projectDirPath = "";
			projectRoot = "";
			targets = (
				E1E93D5D2405A0B6002374D3 /* DATAPixx */,
				E1E93D8A2405AAC9002374D3 /* Install */,
				E1E93D8D2405AAD3002374D3 /* Everything */,
			);
		};
/* End PBXProject section */

/* Begin PBXResourcesBuildPhase section */
		E1E93D5C2405A0B6002374D3 /* Resources */ = {
			isa = PBXResourcesBuildPhase;
			buildActionMask = 2147483647;
			files = (
			);
			runOnlyForDeploymentPostprocessing = 0;
		};
/* End PBXResourcesBuildPhase section */

/* Begin PBXSourcesBuildPhase section */
		E1E93D5A2405A0B6002374D3 /* Sources */ = {
			isa = PBXSourcesBuildPhase;
			buildActionMask = 2147483647;
			files = (
				E11AEA922406E3CA00AC3E8B /* DATAPixxDevice.cpp in Sources */,
				E171499C241166FD0071C8FA /* DATAPixxDigitalInputChannel.cpp in Sources */,
				E197C02F2410387F00BA6D8D /* DATAPixxDigitalChannel.cpp in Sources */,
				E105E72B2422A54F00DA4182 /* DATAPixxAnalogOutputChannel.cpp in Sources */,
				E1CB76FC2419278000E9D2A3 /* DATAPixxWordOutputChannel.cpp in Sources */,
				E1E93D982405AD4F002374D3 /* DATAPixxPlugin.cpp in Sources */,
				E197C032241039DA00BA6D8D /* DATAPixxChannel.cpp in Sources */,
				E197C02C241037C200BA6D8D /* DATAPixxDigitalOutputChannel.cpp in Sources */,
				E197C03524103C0600BA6D8D /* DATAPixxBitOutputChannel.cpp in Sources */,
				E15447C2242505C0007CA55C /* DATAPixxAnalogInputChannel.cpp in Sources */,
				E105E72824229DDC00DA4182 /* DATAPixxAnalogChannel.cpp in Sources */,
				E171499F241167EF0071C8FA /* DATAPixxBitInputChannel.cpp in Sources */,
				E1CB76F92419204100E9D2A3 /* DATAPixxWordInputChannel.cpp in Sources */,
			);
			runOnlyForDeploymentPostprocessing = 0;
		};
/* End PBXSourcesBuildPhase section */

/* Begin PBXTargetDependency section */
		E1E93D912405AB1A002374D3 /* PBXTargetDependency */ = {
			isa = PBXTargetDependency;
			target = E1E93D5D2405A0B6002374D3 /* DATAPixx */;
			targetProxy = E1E93D902405AB1A002374D3 /* PBXContainerItemProxy */;
		};
		E1E93D952405AB42002374D3 /* PBXTargetDependency */ = {
			isa = PBXTargetDependency;
			target = E1E93D8A2405AAC9002374D3 /* Install */;
			targetProxy = E1E93D942405AB42002374D3 /* PBXContainerItemProxy */;
		};
/* End PBXTargetDependency section */

/* Begin XCBuildConfiguration section */
		E1E93D622405A0B6002374D3 /* Development */ = {
			isa = XCBuildConfiguration;
			buildSettings = {
			};
			name = Development;
		};
		E1E93D652405A0B6002374D3 /* Development */ = {
			isa = XCBuildConfiguration;
			baseConfigurationReference = E1E93D682405A561002374D3 /* macOS_Plugin.xcconfig */;
			buildSettings = {
				GCC_PRECOMPILE_PREFIX_HEADER = YES;
				GCC_PREFIX_HEADER = "DATAPixx/DATAPixx-Prefix.pch";
				INFOPLIST_FILE = DATAPixx/Info.plist;
				LIBRARY_SEARCH_PATHS = (
					"$(PROJECT_DIR)/libdpx",
					"$(inherited)",
				);
				PRODUCT_BUNDLE_IDENTIFIER = "org.mworks-project.DATAPixx";
				PRODUCT_NAME = "$(TARGET_NAME)";
			};
			name = Development;
		};
		E1E93D8C2405AAC9002374D3 /* Development */ = {
			isa = XCBuildConfiguration;
			baseConfigurationReference = E1E93D692405A561002374D3 /* macOS.xcconfig */;
			buildSettings = {
				PRODUCT_NAME = "$(TARGET_NAME)";
			};
			name = Development;
		};
		E1E93D8F2405AAD3002374D3 /* Development */ = {
			isa = XCBuildConfiguration;
			baseConfigurationReference = E1E93D692405A561002374D3 /* macOS.xcconfig */;
			buildSettings = {
				PRODUCT_NAME = "$(TARGET_NAME)";
			};
			name = Development;
		};
/* End XCBuildConfiguration section */

/* Begin XCConfigurationList section */
		E1E93D592405A0B6002374D3 /* Build configuration list for PBXProject "DATAPixx" */ = {
			isa = XCConfigurationList;
			buildConfigurations = (
				E1E93D622405A0B6002374D3 /* Development */,
			);
			defaultConfigurationIsVisible = 0;
			defaultConfigurationName = Development;
		};
		E1E93D642405A0B6002374D3 /* Build configuration list for PBXNativeTarget "DATAPixx" */ = {
			isa = XCConfigurationList;
			buildConfigurations = (
				E1E93D652405A0B6002374D3 /* Development */,
			);
			defaultConfigurationIsVisible = 0;
			defaultConfigurationName = Development;
		};
		E1E93D8B2405AAC9002374D3 /* Build configuration list for PBXAggregateTarget "Install" */ = {
			isa = XCConfigurationList;
			buildConfigurations = (
				E1E93D8C2405AAC9002374D3 /* Development */,
			);
			defaultConfigurationIsVisible = 0;
			defaultConfigurationName = Development;
		};
		E1E93D8E2405AAD3002374D3 /* Build configuration list for PBXAggregateTarget "Everything" */ = {
			isa = XCConfigurationList;
			buildConfigurations = (
				E1E93D8F2405AAD3002374D3 /* Development */,
			);
			defaultConfigurationIsVisible = 0;
			defaultConfigurationName = Development;
		};
/* End XCConfigurationList section */
	};
	rootObject = E1E93D562405A0B6002374D3 /* Project object */;
}
