// !$*UTF8*$!
{
	archiveVersion = 1;
	classes = {
	};
	objectVersion = 50;
	objects = {

/* Begin PBXAggregateTarget section */
		E1E93D8A2405AAC9002374D3 /* Install */ = {
			isa = PBXAggregateTarget;
			buildConfigurationList = E1E93D8B2405AAC9002374D3 /* Build configuration list for PBXAggregateTarget "Install" */;
			buildPhases = (
				E1E93D922405AB1D002374D3 /* CopyFiles */,
			);
			dependencies = (
				E1E93D912405AB1A002374D3 /* PBXTargetDependency */,
			);
			name = Install;
			productName = Install;
		};
		E1E93D8D2405AAD3002374D3 /* Everything */ = {
			isa = PBXAggregateTarget;
			buildConfigurationList = E1E93D8E2405AAD3002374D3 /* Build configuration list for PBXAggregateTarget "Everything" */;
			buildPhases = (
			);
			dependencies = (
				E1E93D952405AB42002374D3 /* PBXTargetDependency */,
			);
			name = Everything;
			productName = Everything;
		};
/* End PBXAggregateTarget section */

/* Begin PBXBuildFile section */
		E11AEA922406E3CA00AC3E8B /* DATAPixxDevice.cpp in Sources */ = {isa = PBXBuildFile; fileRef = E11AEA902406E3CA00AC3E8B /* DATAPixxDevice.cpp */; };
		E1E93D7F2405A933002374D3 /* usb.c in Sources */ = {isa = PBXBuildFile; fileRef = E1E93D6C2405A933002374D3 /* usb.c */; };
		E1E93D822405A933002374D3 /* darwin.c in Sources */ = {isa = PBXBuildFile; fileRef = E1E93D722405A933002374D3 /* darwin.c */; };
		E1E93D842405A933002374D3 /* error.c in Sources */ = {isa = PBXBuildFile; fileRef = E1E93D742405A933002374D3 /* error.c */; };
		E1E93D852405A933002374D3 /* descriptors.c in Sources */ = {isa = PBXBuildFile; fileRef = E1E93D762405A933002374D3 /* descriptors.c */; };
		E1E93D882405A933002374D3 /* libdpx.c in Sources */ = {isa = PBXBuildFile; fileRef = E1E93D7A2405A933002374D3 /* libdpx.c */; };
		E1E93D932405AB27002374D3 /* DATAPixx.bundle in CopyFiles */ = {isa = PBXBuildFile; fileRef = E1E93D5E2405A0B6002374D3 /* DATAPixx.bundle */; };
		E1E93D982405AD4F002374D3 /* DATAPixxPlugin.cpp in Sources */ = {isa = PBXBuildFile; fileRef = E1E93D972405AD4F002374D3 /* DATAPixxPlugin.cpp */; };
		E1E93D9D2405AE4D002374D3 /* MWorksCore.framework in Frameworks */ = {isa = PBXBuildFile; fileRef = E1E93D9C2405AE4D002374D3 /* MWorksCore.framework */; };
		E1E93D9F2405B15D002374D3 /* IOKit.framework in Frameworks */ = {isa = PBXBuildFile; fileRef = E1E93D9E2405B15D002374D3 /* IOKit.framework */; };
		E1E93DA12405B16F002374D3 /* CoreFoundation.framework in Frameworks */ = {isa = PBXBuildFile; fileRef = E1E93DA02405B16F002374D3 /* CoreFoundation.framework */; };
/* End PBXBuildFile section */

/* Begin PBXContainerItemProxy section */
		E1E93D902405AB1A002374D3 /* PBXContainerItemProxy */ = {
			isa = PBXContainerItemProxy;
			containerPortal = E1E93D562405A0B6002374D3 /* Project object */;
			proxyType = 1;
			remoteGlobalIDString = E1E93D5D2405A0B6002374D3;
			remoteInfo = DATAPixx;
		};
		E1E93D942405AB42002374D3 /* PBXContainerItemProxy */ = {
			isa = PBXContainerItemProxy;
			containerPortal = E1E93D562405A0B6002374D3 /* Project object */;
			proxyType = 1;
			remoteGlobalIDString = E1E93D8A2405AAC9002374D3;
			remoteInfo = Install;
		};
/* End PBXContainerItemProxy section */

/* Begin PBXCopyFilesBuildPhase section */
		E1E93D922405AB1D002374D3 /* CopyFiles */ = {
			isa = PBXCopyFilesBuildPhase;
			buildActionMask = 2147483647;
			dstPath = "$(MW_PLUGINS_DIR)";
			dstSubfolderSpec = 0;
			files = (
				E1E93D932405AB27002374D3 /* DATAPixx.bundle in CopyFiles */,
			);
			runOnlyForDeploymentPostprocessing = 0;
		};
/* End PBXCopyFilesBuildPhase section */

/* Begin PBXFileReference section */
		E11AEA902406E3CA00AC3E8B /* DATAPixxDevice.cpp */ = {isa = PBXFileReference; lastKnownFileType = sourcecode.cpp.cpp; path = DATAPixxDevice.cpp; sourceTree = "<group>"; };
		E11AEA912406E3CA00AC3E8B /* DATAPixxDevice.hpp */ = {isa = PBXFileReference; lastKnownFileType = sourcecode.cpp.h; path = DATAPixxDevice.hpp; sourceTree = "<group>"; };
		E1E93D5E2405A0B6002374D3 /* DATAPixx.bundle */ = {isa = PBXFileReference; explicitFileType = wrapper.cfbundle; includeInIndex = 0; path = DATAPixx.bundle; sourceTree = BUILT_PRODUCTS_DIR; };
		E1E93D612405A0B6002374D3 /* Info.plist */ = {isa = PBXFileReference; lastKnownFileType = text.plist.xml; path = Info.plist; sourceTree = "<group>"; };
		E1E93D682405A561002374D3 /* macOS_Plugin.xcconfig */ = {isa = PBXFileReference; lastKnownFileType = text.xcconfig; path = macOS_Plugin.xcconfig; sourceTree = "<group>"; };
		E1E93D692405A561002374D3 /* macOS.xcconfig */ = {isa = PBXFileReference; lastKnownFileType = text.xcconfig; path = macOS.xcconfig; sourceTree = "<group>"; };
		E1E93D6B2405A933002374D3 /* error.h */ = {isa = PBXFileReference; fileEncoding = 4; lastKnownFileType = sourcecode.c.h; path = error.h; sourceTree = "<group>"; };
		E1E93D6C2405A933002374D3 /* usb.c */ = {isa = PBXFileReference; fileEncoding = 4; lastKnownFileType = sourcecode.c.c; path = usb.c; sourceTree = "<group>"; };
		E1E93D6E2405A933002374D3 /* usbi.h */ = {isa = PBXFileReference; fileEncoding = 4; lastKnownFileType = sourcecode.c.h; path = usbi.h; sourceTree = "<group>"; };
		E1E93D6F2405A933002374D3 /* config.h */ = {isa = PBXFileReference; fileEncoding = 4; lastKnownFileType = sourcecode.c.h; path = config.h; sourceTree = "<group>"; };
		E1E93D722405A933002374D3 /* darwin.c */ = {isa = PBXFileReference; fileEncoding = 4; lastKnownFileType = sourcecode.c.c; path = darwin.c; sourceTree = "<group>"; };
		E1E93D742405A933002374D3 /* error.c */ = {isa = PBXFileReference; fileEncoding = 4; lastKnownFileType = sourcecode.c.c; path = error.c; sourceTree = "<group>"; };
		E1E93D752405A933002374D3 /* usb.h */ = {isa = PBXFileReference; fileEncoding = 4; lastKnownFileType = sourcecode.c.h; path = usb.h; sourceTree = "<group>"; };
		E1E93D762405A933002374D3 /* descriptors.c */ = {isa = PBXFileReference; fileEncoding = 4; lastKnownFileType = sourcecode.c.c; path = descriptors.c; sourceTree = "<group>"; };
		E1E93D7A2405A933002374D3 /* libdpx.c */ = {isa = PBXFileReference; fileEncoding = 4; lastKnownFileType = sourcecode.c.c; path = libdpx.c; sourceTree = "<group>"; };
		E1E93D7C2405A933002374D3 /* libdpx_i.h */ = {isa = PBXFileReference; fileEncoding = 4; lastKnownFileType = sourcecode.c.h; path = libdpx_i.h; sourceTree = "<group>"; };
		E1E93D7E2405A933002374D3 /* libdpx.h */ = {isa = PBXFileReference; fileEncoding = 4; lastKnownFileType = sourcecode.c.h; path = libdpx.h; sourceTree = "<group>"; };
		E1E93D962405AC10002374D3 /* DATAPixx-Prefix.pch */ = {isa = PBXFileReference; lastKnownFileType = sourcecode.c.h; path = "DATAPixx-Prefix.pch"; sourceTree = "<group>"; };
		E1E93D972405AD4F002374D3 /* DATAPixxPlugin.cpp */ = {isa = PBXFileReference; lastKnownFileType = sourcecode.cpp.cpp; path = DATAPixxPlugin.cpp; sourceTree = "<group>"; };
		E1E93D9C2405AE4D002374D3 /* MWorksCore.framework */ = {isa = PBXFileReference; lastKnownFileType = wrapper.framework; name = MWorksCore.framework; path = /Library/Frameworks/MWorksCore.framework; sourceTree = "<absolute>"; };
		E1E93D9E2405B15D002374D3 /* IOKit.framework */ = {isa = PBXFileReference; lastKnownFileType = wrapper.framework; name = IOKit.framework; path = System/Library/Frameworks/IOKit.framework; sourceTree = SDKROOT; };
		E1E93DA02405B16F002374D3 /* CoreFoundation.framework */ = {isa = PBXFileReference; lastKnownFileType = wrapper.framework; name = CoreFoundation.framework; path = System/Library/Frameworks/CoreFoundation.framework; sourceTree = SDKROOT; };
/* End PBXFileReference section */

/* Begin PBXFrameworksBuildPhase section */
		E1E93D5B2405A0B6002374D3 /* Frameworks */ = {
			isa = PBXFrameworksBuildPhase;
			buildActionMask = 2147483647;
			files = (
				E1E93D9D2405AE4D002374D3 /* MWorksCore.framework in Frameworks */,
				E1E93DA12405B16F002374D3 /* CoreFoundation.framework in Frameworks */,
				E1E93D9F2405B15D002374D3 /* IOKit.framework in Frameworks */,
			);
			runOnlyForDeploymentPostprocessing = 0;
		};
/* End PBXFrameworksBuildPhase section */

/* Begin PBXGroup section */
		E1E93D552405A0B6002374D3 = {
			isa = PBXGroup;
			children = (
				E1E93D672405A535002374D3 /* External Config */,
				E1E93D782405A933002374D3 /* libdpx */,
				E1E93D6A2405A933002374D3 /* libusb */,
				E1E93D602405A0B6002374D3 /* DATAPixx */,
				E1E93D9B2405AE4D002374D3 /* Frameworks */,
				E1E93D5F2405A0B6002374D3 /* Products */,
			);
			sourceTree = "<group>";
		};
		E1E93D5F2405A0B6002374D3 /* Products */ = {
			isa = PBXGroup;
			children = (
				E1E93D5E2405A0B6002374D3 /* DATAPixx.bundle */,
			);
			name = Products;
			sourceTree = "<group>";
		};
		E1E93D602405A0B6002374D3 /* DATAPixx */ = {
			isa = PBXGroup;
			children = (
				E11AEA912406E3CA00AC3E8B /* DATAPixxDevice.hpp */,
				E11AEA902406E3CA00AC3E8B /* DATAPixxDevice.cpp */,
				E1E93D972405AD4F002374D3 /* DATAPixxPlugin.cpp */,
				E1E93D9A2405AD91002374D3 /* Supporting Files */,
			);
			path = DATAPixx;
			sourceTree = "<group>";
		};
		E1E93D672405A535002374D3 /* External Config */ = {
			isa = PBXGroup;
			children = (
				E1E93D692405A561002374D3 /* macOS.xcconfig */,
				E1E93D682405A561002374D3 /* macOS_Plugin.xcconfig */,
			);
			name = "External Config";
			path = "/Library/Application Support/MWorks/Developer/Xcode";
			sourceTree = "<absolute>";
		};
		E1E93D6A2405A933002374D3 /* libusb */ = {
			isa = PBXGroup;
			children = (
				E1E93D6F2405A933002374D3 /* config.h */,
				E1E93D722405A933002374D3 /* darwin.c */,
				E1E93D762405A933002374D3 /* descriptors.c */,
				E1E93D6B2405A933002374D3 /* error.h */,
				E1E93D742405A933002374D3 /* error.c */,
				E1E93D752405A933002374D3 /* usb.h */,
				E1E93D6C2405A933002374D3 /* usb.c */,
				E1E93D6E2405A933002374D3 /* usbi.h */,
			);
			path = libusb;
			sourceTree = "<group>";
		};
		E1E93D782405A933002374D3 /* libdpx */ = {
			isa = PBXGroup;
			children = (
				E1E93D7E2405A933002374D3 /* libdpx.h */,
				E1E93D7A2405A933002374D3 /* libdpx.c */,
				E1E93D7C2405A933002374D3 /* libdpx_i.h */,
			);
			path = libdpx;
			sourceTree = "<group>";
		};
		E1E93D9A2405AD91002374D3 /* Supporting Files */ = {
			isa = PBXGroup;
			children = (
				E1E93D612405A0B6002374D3 /* Info.plist */,
				E1E93D962405AC10002374D3 /* DATAPixx-Prefix.pch */,
			);
			name = "Supporting Files";
			sourceTree = "<group>";
		};
		E1E93D9B2405AE4D002374D3 /* Frameworks */ = {
			isa = PBXGroup;
			children = (
				E1E93D9C2405AE4D002374D3 /* MWorksCore.framework */,
				E1E93DA02405B16F002374D3 /* CoreFoundation.framework */,
				E1E93D9E2405B15D002374D3 /* IOKit.framework */,
			);
			name = Frameworks;
			sourceTree = "<group>";
		};
/* End PBXGroup section */

/* Begin PBXNativeTarget section */
		E1E93D5D2405A0B6002374D3 /* DATAPixx */ = {
			isa = PBXNativeTarget;
			buildConfigurationList = E1E93D642405A0B6002374D3 /* Build configuration list for PBXNativeTarget "DATAPixx" */;
			buildPhases = (
				E1E93D5A2405A0B6002374D3 /* Sources */,
				E1E93D5B2405A0B6002374D3 /* Frameworks */,
				E1E93D5C2405A0B6002374D3 /* Resources */,
			);
			buildRules = (
			);
			dependencies = (
			);
			name = DATAPixx;
			productName = DATAPixx;
			productReference = E1E93D5E2405A0B6002374D3 /* DATAPixx.bundle */;
			productType = "com.apple.product-type.bundle";
		};
/* End PBXNativeTarget section */

/* Begin PBXProject section */
		E1E93D562405A0B6002374D3 /* Project object */ = {
			isa = PBXProject;
			attributes = {
				LastUpgradeCheck = 1130;
				ORGANIZATIONNAME = "The MWorks Project";
				TargetAttributes = {
					E1E93D5D2405A0B6002374D3 = {
						CreatedOnToolsVersion = 11.3.1;
					};
					E1E93D8A2405AAC9002374D3 = {
						CreatedOnToolsVersion = 11.3.1;
					};
					E1E93D8D2405AAD3002374D3 = {
						CreatedOnToolsVersion = 11.3.1;
					};
				};
			};
			buildConfigurationList = E1E93D592405A0B6002374D3 /* Build configuration list for PBXProject "DATAPixx" */;
			compatibilityVersion = "Xcode 9.3";
			developmentRegion = en;
			hasScannedForEncodings = 0;
			knownRegions = (
				en,
				Base,
			);
			mainGroup = E1E93D552405A0B6002374D3;
			productRefGroup = E1E93D5F2405A0B6002374D3 /* Products */;
			projectDirPath = "";
			projectRoot = "";
			targets = (
				E1E93D5D2405A0B6002374D3 /* DATAPixx */,
				E1E93D8A2405AAC9002374D3 /* Install */,
				E1E93D8D2405AAD3002374D3 /* Everything */,
			);
		};
/* End PBXProject section */

/* Begin PBXResourcesBuildPhase section */
		E1E93D5C2405A0B6002374D3 /* Resources */ = {
			isa = PBXResourcesBuildPhase;
			buildActionMask = 2147483647;
			files = (
			);
			runOnlyForDeploymentPostprocessing = 0;
		};
/* End PBXResourcesBuildPhase section */

/* Begin PBXSourcesBuildPhase section */
		E1E93D5A2405A0B6002374D3 /* Sources */ = {
			isa = PBXSourcesBuildPhase;
			buildActionMask = 2147483647;
			files = (
				E1E93D852405A933002374D3 /* descriptors.c in Sources */,
				E11AEA922406E3CA00AC3E8B /* DATAPixxDevice.cpp in Sources */,
				E1E93D982405AD4F002374D3 /* DATAPixxPlugin.cpp in Sources */,
				E1E93D842405A933002374D3 /* error.c in Sources */,
				E1E93D882405A933002374D3 /* libdpx.c in Sources */,
				E1E93D822405A933002374D3 /* darwin.c in Sources */,
				E1E93D7F2405A933002374D3 /* usb.c in Sources */,
			);
			runOnlyForDeploymentPostprocessing = 0;
		};
/* End PBXSourcesBuildPhase section */

/* Begin PBXTargetDependency section */
		E1E93D912405AB1A002374D3 /* PBXTargetDependency */ = {
			isa = PBXTargetDependency;
			target = E1E93D5D2405A0B6002374D3 /* DATAPixx */;
			targetProxy = E1E93D902405AB1A002374D3 /* PBXContainerItemProxy */;
		};
		E1E93D952405AB42002374D3 /* PBXTargetDependency */ = {
			isa = PBXTargetDependency;
			target = E1E93D8A2405AAC9002374D3 /* Install */;
			targetProxy = E1E93D942405AB42002374D3 /* PBXContainerItemProxy */;
		};
/* End PBXTargetDependency section */

/* Begin XCBuildConfiguration section */
		E1E93D622405A0B6002374D3 /* Development */ = {
			isa = XCBuildConfiguration;
			buildSettings = {
			};
			name = Development;
		};
		E1E93D652405A0B6002374D3 /* Development */ = {
			isa = XCBuildConfiguration;
			baseConfigurationReference = E1E93D682405A561002374D3 /* macOS_Plugin.xcconfig */;
			buildSettings = {
				GCC_PRECOMPILE_PREFIX_HEADER = YES;
				GCC_PREFIX_HEADER = "DATAPixx/DATAPixx-Prefix.pch";
				INFOPLIST_FILE = DATAPixx/Info.plist;
				PRODUCT_BUNDLE_IDENTIFIER = "org.mworks-project.DATAPixx";
				PRODUCT_NAME = "$(TARGET_NAME)";
			};
			name = Development;
		};
		E1E93D8C2405AAC9002374D3 /* Development */ = {
			isa = XCBuildConfiguration;
			baseConfigurationReference = E1E93D692405A561002374D3 /* macOS.xcconfig */;
			buildSettings = {
				PRODUCT_NAME = "$(TARGET_NAME)";
			};
			name = Development;
		};
		E1E93D8F2405AAD3002374D3 /* Development */ = {
			isa = XCBuildConfiguration;
			baseConfigurationReference = E1E93D692405A561002374D3 /* macOS.xcconfig */;
			buildSettings = {
				PRODUCT_NAME = "$(TARGET_NAME)";
			};
			name = Development;
		};
/* End XCBuildConfiguration section */

/* Begin XCConfigurationList section */
		E1E93D592405A0B6002374D3 /* Build configuration list for PBXProject "DATAPixx" */ = {
			isa = XCConfigurationList;
			buildConfigurations = (
				E1E93D622405A0B6002374D3 /* Development */,
			);
			defaultConfigurationIsVisible = 0;
			defaultConfigurationName = Development;
		};
		E1E93D642405A0B6002374D3 /* Build configuration list for PBXNativeTarget "DATAPixx" */ = {
			isa = XCConfigurationList;
			buildConfigurations = (
				E1E93D652405A0B6002374D3 /* Development */,
			);
			defaultConfigurationIsVisible = 0;
			defaultConfigurationName = Development;
		};
		E1E93D8B2405AAC9002374D3 /* Build configuration list for PBXAggregateTarget "Install" */ = {
			isa = XCConfigurationList;
			buildConfigurations = (
				E1E93D8C2405AAC9002374D3 /* Development */,
			);
			defaultConfigurationIsVisible = 0;
			defaultConfigurationName = Development;
		};
		E1E93D8E2405AAD3002374D3 /* Build configuration list for PBXAggregateTarget "Everything" */ = {
			isa = XCConfigurationList;
			buildConfigurations = (
				E1E93D8F2405AAD3002374D3 /* Development */,
			);
			defaultConfigurationIsVisible = 0;
			defaultConfigurationName = Development;
		};
/* End XCConfigurationList section */
	};
	rootObject = E1E93D562405A0B6002374D3 /* Project object */;
}
